# THIS IS AN AUTOGENERATED FILE. DO NOT EDIT THIS FILE DIRECTLY.
# yarn lockfile v1


"@types/node@*":
  version "13.11.0"
  resolved "https://registry.npm.taobao.org/@types/node/download/@types/node-13.11.0.tgz?cache=0&sync_timestamp=1585846409371&other_urls=https%3A%2F%2Fregistry.npm.taobao.org%2F%40types%2Fnode%2Fdownload%2F%40types%2Fnode-13.11.0.tgz#390ea202539c61c8fa6ba4428b57e05bc36dc47b"
  integrity sha1-OQ6iAlOcYcj6a6RCi1fgW8NtxHs=

anymatch@~3.1.1:
  version "3.1.1"
  resolved "https://registry.npm.taobao.org/anymatch/download/anymatch-3.1.1.tgz#c55ecf02185e2469259399310c173ce31233b142"
  integrity sha1-xV7PAhheJGklk5kxDBc84xIzsUI=
  dependencies:
    normalize-path "^3.0.0"
    picomatch "^2.0.4"

argparse@^1.0.7:
  version "1.0.10"
  resolved "https://registry.npm.taobao.org/argparse/download/argparse-1.0.10.tgz#bcd6791ea5ae09725e17e5ad988134cd40b3d911"
  integrity sha1-vNZ5HqWuCXJeF+WtmIE0zUCz2RE=
  dependencies:
    sprintf-js "~1.0.2"

binary-extensions@^2.0.0:
  version "2.0.0"
  resolved "https://registry.npm.taobao.org/binary-extensions/download/binary-extensions-2.0.0.tgz#23c0df14f6a88077f5f986c0d167ec03c3d5537c"
  integrity sha1-I8DfFPaogHf1+YbA0WfsA8PVU3w=

bluebird@^3.5.1:
  version "3.7.2"
  resolved "https://registry.npm.taobao.org/bluebird/download/bluebird-3.7.2.tgz?cache=0&sync_timestamp=1574981921523&other_urls=https%3A%2F%2Fregistry.npm.taobao.org%2Fbluebird%2Fdownload%2Fbluebird-3.7.2.tgz#9f229c15be272454ffa973ace0dbee79a1b0c36f"
  integrity sha1-nyKcFb4nJFT/qXOs4NvueaGww28=

boolbase@~1.0.0:
  version "1.0.0"
  resolved "https://registry.npm.taobao.org/boolbase/download/boolbase-1.0.0.tgz#68dff5fbe60c51eb37725ea9e3ed310dcc1e776e"
  integrity sha1-aN/1++YMUes3cl6p4+0xDcwed24=

braces@~3.0.2:
  version "3.0.2"
  resolved "https://registry.npm.taobao.org/braces/download/braces-3.0.2.tgz#3454e1a462ee8d599e236df336cd9ea4f8afe107"
  integrity sha1-NFThpGLujVmeI23zNs2epPiv4Qc=
  dependencies:
    fill-range "^7.0.1"

cheerio@^1.0.0-rc.3:
  version "1.0.0-rc.3"
  resolved "https://registry.npm.taobao.org/cheerio/download/cheerio-1.0.0-rc.3.tgz#094636d425b2e9c0f4eb91a46c05630c9a1a8bf6"
  integrity sha1-CUY21CWy6cD065GkbAVjDJoai/Y=
  dependencies:
    css-select "~1.2.0"
    dom-serializer "~0.1.1"
    entities "~1.1.1"
    htmlparser2 "^3.9.1"
    lodash "^4.15.0"
    parse5 "^3.0.1"

chokidar@^3.0.0:
  version "3.3.1"
  resolved "https://registry.npm.taobao.org/chokidar/download/chokidar-3.3.1.tgz?cache=0&sync_timestamp=1584609518131&other_urls=https%3A%2F%2Fregistry.npm.taobao.org%2Fchokidar%2Fdownload%2Fchokidar-3.3.1.tgz#c84e5b3d18d9a4d77558fef466b1bf16bbeb3450"
  integrity sha1-yE5bPRjZpNd1WP70ZrG/FrvrNFA=
  dependencies:
    anymatch "~3.1.1"
    braces "~3.0.2"
    glob-parent "~5.1.0"
    is-binary-path "~2.1.0"
    is-glob "~4.0.1"
    normalize-path "~3.0.0"
    readdirp "~3.3.0"
  optionalDependencies:
    fsevents "~2.1.2"

css-select@~1.2.0:
  version "1.2.0"
  resolved "https://registry.npm.taobao.org/css-select/download/css-select-1.2.0.tgz?cache=0&other_urls=https%3A%2F%2Fregistry.npm.taobao.org%2Fcss-select%2Fdownload%2Fcss-select-1.2.0.tgz#2b3a110539c5355f1cd8d314623e870b121ec858"
  integrity sha1-KzoRBTnFNV8c2NMUYj6HCxIeyFg=
  dependencies:
    boolbase "~1.0.0"
    css-what "2.1"
    domutils "1.5.1"
    nth-check "~1.0.1"

css-what@2.1:
  version "2.1.3"
  resolved "https://registry.npm.taobao.org/css-what/download/css-what-2.1.3.tgz?cache=0&sync_timestamp=1573342122909&other_urls=https%3A%2F%2Fregistry.npm.taobao.org%2Fcss-what%2Fdownload%2Fcss-what-2.1.3.tgz#a6d7604573365fe74686c3f311c56513d88285f2"
  integrity sha1-ptdgRXM2X+dGhsPzEcVlE9iChfI=

dom-serializer@0:
  version "0.2.2"
  resolved "https://registry.npm.taobao.org/dom-serializer/download/dom-serializer-0.2.2.tgz#1afb81f533717175d478655debc5e332d9f9bb51"
  integrity sha1-GvuB9TNxcXXUeGVd68XjMtn5u1E=
  dependencies:
    domelementtype "^2.0.1"
    entities "^2.0.0"

dom-serializer@~0.1.1:
  version "0.1.1"
  resolved "https://registry.npm.taobao.org/dom-serializer/download/dom-serializer-0.1.1.tgz#1ec4059e284babed36eec2941d4a970a189ce7c0"
  integrity sha1-HsQFnihLq+027sKUHUqXChic58A=
  dependencies:
    domelementtype "^1.3.0"
    entities "^1.1.1"

domelementtype@1, domelementtype@^1.3.0, domelementtype@^1.3.1:
  version "1.3.1"
  resolved "https://registry.npm.taobao.org/domelementtype/download/domelementtype-1.3.1.tgz?cache=0&sync_timestamp=1564514630483&other_urls=https%3A%2F%2Fregistry.npm.taobao.org%2Fdomelementtype%2Fdownload%2Fdomelementtype-1.3.1.tgz#d048c44b37b0d10a7f2a3d5fee3f4333d790481f"
  integrity sha1-0EjESzew0Qp/Kj1f7j9DM9eQSB8=

domelementtype@^2.0.1:
  version "2.0.1"
  resolved "https://registry.npm.taobao.org/domelementtype/download/domelementtype-2.0.1.tgz?cache=0&sync_timestamp=1564514630483&other_urls=https%3A%2F%2Fregistry.npm.taobao.org%2Fdomelementtype%2Fdownload%2Fdomelementtype-2.0.1.tgz#1f8bdfe91f5a78063274e803b4bdcedf6e94f94d"
  integrity sha1-H4vf6R9aeAYydOgDtL3O326U+U0=

domhandler@^2.3.0:
  version "2.4.2"
  resolved "https://registry.npm.taobao.org/domhandler/download/domhandler-2.4.2.tgz?cache=0&sync_timestamp=1564708887907&other_urls=https%3A%2F%2Fregistry.npm.taobao.org%2Fdomhandler%2Fdownload%2Fdomhandler-2.4.2.tgz#8805097e933d65e85546f726d60f5eb88b44f803"
  integrity sha1-iAUJfpM9ZehVRvcm1g9euItE+AM=
  dependencies:
    domelementtype "1"

domutils@1.5.1:
  version "1.5.1"
  resolved "https://registry.npm.taobao.org/domutils/download/domutils-1.5.1.tgz?cache=0&other_urls=https%3A%2F%2Fregistry.npm.taobao.org%2Fdomutils%2Fdownload%2Fdomutils-1.5.1.tgz#dcd8488a26f563d61079e48c9f7b7e32373682cf"
  integrity sha1-3NhIiib1Y9YQeeSMn3t+Mjc2gs8=
  dependencies:
    dom-serializer "0"
    domelementtype "1"

domutils@^1.5.1:
  version "1.7.0"
  resolved "https://registry.npm.taobao.org/domutils/download/domutils-1.7.0.tgz?cache=0&other_urls=https%3A%2F%2Fregistry.npm.taobao.org%2Fdomutils%2Fdownload%2Fdomutils-1.7.0.tgz#56ea341e834e06e6748af7a1cb25da67ea9f8c2a"
  integrity sha1-Vuo0HoNOBuZ0ivehyyXaZ+qfjCo=
  dependencies:
    dom-serializer "0"
    domelementtype "1"

entities@^1.1.1, entities@~1.1.1:
  version "1.1.2"
  resolved "https://registry.npm.taobao.org/entities/download/entities-1.1.2.tgz#bdfa735299664dfafd34529ed4f8522a275fea56"
  integrity sha1-vfpzUplmTfr9NFKe1PhSKidf6lY=

entities@^2.0.0:
  version "2.0.0"
  resolved "https://registry.npm.taobao.org/entities/download/entities-2.0.0.tgz#68d6084cab1b079767540d80e56a39b423e4abf4"
  integrity sha1-aNYITKsbB5dnVA2A5Wo5tCPkq/Q=

escape-string-regexp@^2.0.0:
  version "2.0.0"
  resolved "https://registry.npm.taobao.org/escape-string-regexp/download/escape-string-regexp-2.0.0.tgz#a30304e99daa32e23b2fd20f51babd07cffca344"
  integrity sha1-owME6Z2qMuI7L9IPUbq9B8/8o0Q=

esprima@^4.0.0:
  version "4.0.1"
  resolved "https://registry.npm.taobao.org/esprima/download/esprima-4.0.1.tgz#13b04cdb3e6c5d19df91ab6987a8695619b0aa71"
  integrity sha1-E7BM2z5sXRnfkatph6hpVhmwqnE=

ever-html-to-object@^0.0.10:
  version "0.0.10"
  resolved "https://registry.npm.taobao.org/ever-html-to-object/download/ever-html-to-object-0.0.10.tgz#13d62fa922907a0f7a9b0861d5e1cd23808de8a7"
  integrity sha1-E9YvqSKQeg96mwhh1eHNI4CN6Kc=
  dependencies:
    cheerio "^1.0.0-rc.3"

fill-range@^7.0.1:
  version "7.0.1"
  resolved "https://registry.npm.taobao.org/fill-range/download/fill-range-7.0.1.tgz#1919a6a7c75fe38b2c7c77e5198535da9acdda40"
  integrity sha1-GRmmp8df44ssfHflGYU12prN2kA=
  dependencies:
    to-regex-range "^5.0.1"

fsevents@~2.1.2:
  version "2.1.2"
  resolved "https://registry.npm.taobao.org/fsevents/download/fsevents-2.1.2.tgz#4c0a1fb34bc68e543b4b82a9ec392bfbda840805"
  integrity sha1-TAofs0vGjlQ7S4Kp7Dkr+9qECAU=

glob-parent@~5.1.0:
  version "5.1.1"
  resolved "https://registry.npm.taobao.org/glob-parent/download/glob-parent-5.1.1.tgz?cache=0&sync_timestamp=1584835651798&other_urls=https%3A%2F%2Fregistry.npm.taobao.org%2Fglob-parent%2Fdownload%2Fglob-parent-5.1.1.tgz#b6c1ef417c4e5663ea498f1c45afac6916bbc229"
  integrity sha1-tsHvQXxOVmPqSY8cRa+saRa7wik=
  dependencies:
    is-glob "^4.0.1"

graceful-fs@^4.1.11:
  version "4.2.3"
  resolved "https://registry.npm.taobao.org/graceful-fs/download/graceful-fs-4.2.3.tgz#4a12ff1b60376ef09862c2093edd908328be8423"
  integrity sha1-ShL/G2A3bvCYYsIJPt2Qgyi+hCM=

hexo-fs@^2.0.0:
  version "2.0.0"
  resolved "https://registry.npm.taobao.org/hexo-fs/download/hexo-fs-2.0.0.tgz#0bc421bc0c975a85a25061aca9537fb59292d279"
  integrity sha1-C8QhvAyXWoWiUGGsqVN/tZKS0nk=
  dependencies:
    bluebird "^3.5.1"
    chokidar "^3.0.0"
    escape-string-regexp "^2.0.0"
    graceful-fs "^4.1.11"

htmlparser2@^3.9.1:
  version "3.10.1"
  resolved "https://registry.npm.taobao.org/htmlparser2/download/htmlparser2-3.10.1.tgz?cache=0&sync_timestamp=1582448712065&other_urls=https%3A%2F%2Fregistry.npm.taobao.org%2Fhtmlparser2%2Fdownload%2Fhtmlparser2-3.10.1.tgz#bd679dc3f59897b6a34bb10749c855bb53a9392f"
  integrity sha1-vWedw/WYl7ajS7EHSchVu1OpOS8=
  dependencies:
    domelementtype "^1.3.1"
    domhandler "^2.3.0"
    domutils "^1.5.1"
    entities "^1.1.1"
    inherits "^2.0.1"
    readable-stream "^3.1.1"

inherits@^2.0.1, inherits@^2.0.3:
  version "2.0.4"
  resolved "https://registry.npm.taobao.org/inherits/download/inherits-2.0.4.tgz#0fa2c64f932917c3433a0ded55363aae37416b7c"
  integrity sha1-D6LGT5MpF8NDOg3tVTY6rjdBa3w=

is-binary-path@~2.1.0:
  version "2.1.0"
  resolved "https://registry.npm.taobao.org/is-binary-path/download/is-binary-path-2.1.0.tgz#ea1f7f3b80f064236e83470f86c09c254fb45b09"
  integrity sha1-6h9/O4DwZCNug0cPhsCcJU+0Wwk=
  dependencies:
    binary-extensions "^2.0.0"

is-extglob@^2.1.1:
  version "2.1.1"
  resolved "https://registry.npm.taobao.org/is-extglob/download/is-extglob-2.1.1.tgz#a88c02535791f02ed37c76a1b9ea9773c833f8c2"
  integrity sha1-qIwCU1eR8C7TfHahueqXc8gz+MI=

is-glob@^4.0.1, is-glob@~4.0.1:
  version "4.0.1"
  resolved "https://registry.npm.taobao.org/is-glob/download/is-glob-4.0.1.tgz#7567dbe9f2f5e2467bc77ab83c4a29482407a5dc"
  integrity sha1-dWfb6fL14kZ7x3q4PEopSCQHpdw=
  dependencies:
    is-extglob "^2.1.1"

is-number@^7.0.0:
  version "7.0.0"
  resolved "https://registry.npm.taobao.org/is-number/download/is-number-7.0.0.tgz#7535345b896734d5f80c4d06c50955527a14f12b"
  integrity sha1-dTU0W4lnNNX4DE0GxQlVUnoU8Ss=

js-yaml@^3.13.1:
  version "3.13.1"
  resolved "https://registry.npm.taobao.org/js-yaml/download/js-yaml-3.13.1.tgz#aff151b30bfdfa8e49e05da22e7415e9dfa37847"
  integrity sha1-r/FRswv9+o5J4F2iLnQV6d+jeEc=
  dependencies:
    argparse "^1.0.7"
    esprima "^4.0.0"

lodash@^4.15.0:
  version "4.17.15"
  resolved "https://registry.npm.taobao.org/lodash/download/lodash-4.17.15.tgz#b447f6670a0455bbfeedd11392eff330ea097548"
  integrity sha1-tEf2ZwoEVbv+7dETku/zMOoJdUg=

normalize-path@^3.0.0, normalize-path@~3.0.0:
  version "3.0.0"
  resolved "https://registry.npm.taobao.org/normalize-path/download/normalize-path-3.0.0.tgz#0dcd69ff23a1c9b11fd0978316644a0388216a65"
  integrity sha1-Dc1p/yOhybEf0JeDFmRKA4ghamU=

nth-check@~1.0.1:
  version "1.0.2"
  resolved "https://registry.npm.taobao.org/nth-check/download/nth-check-1.0.2.tgz#b2bd295c37e3dd58a3bf0700376663ba4d9cf05c"
  integrity sha1-sr0pXDfj3VijvwcAN2Zjuk2c8Fw=
  dependencies:
    boolbase "~1.0.0"

parse5@^3.0.1:
  version "3.0.3"
  resolved "https://registry.npm.taobao.org/parse5/download/parse5-3.0.3.tgz?cache=0&sync_timestamp=1573036762880&other_urls=https%3A%2F%2Fregistry.npm.taobao.org%2Fparse5%2Fdownload%2Fparse5-3.0.3.tgz#042f792ffdd36851551cf4e9e066b3874ab45b5c"
  integrity sha1-BC95L/3TaFFVHPTp4Gazh0q0W1w=
  dependencies:
    "@types/node" "*"

picomatch@^2.0.4, picomatch@^2.0.7:
  version "2.2.2"
  resolved "https://registry.npm.taobao.org/picomatch/download/picomatch-2.2.2.tgz#21f333e9b6b8eaff02468f5146ea406d345f4dad"
  integrity sha1-IfMz6ba46v8CRo9RRupAbTRfTa0=

readable-stream@^3.1.1:
  version "3.6.0"
  resolved "https://registry.npm.taobao.org/readable-stream/download/readable-stream-3.6.0.tgz?cache=0&other_urls=https%3A%2F%2Fregistry.npm.taobao.org%2Freadable-stream%2Fdownload%2Freadable-stream-3.6.0.tgz#337bbda3adc0706bd3e024426a286d4b4b2c9198"
  integrity sha1-M3u9o63AcGvT4CRCaihtS0sskZg=
  dependencies:
    inherits "^2.0.3"
    string_decoder "^1.1.1"
    util-deprecate "^1.0.1"

readdirp@~3.3.0:
  version "3.3.0"
  resolved "https://registry.npm.taobao.org/readdirp/download/readdirp-3.3.0.tgz#984458d13a1e42e2e9f5841b129e162f369aff17"
  integrity sha1-mERY0ToeQuLp9YQbEp4WLzaa/xc=
  dependencies:
    picomatch "^2.0.7"

safe-buffer@~5.2.0:
  version "5.2.0"
  resolved "https://registry.npm.taobao.org/safe-buffer/download/safe-buffer-5.2.0.tgz#b74daec49b1148f88c64b68d49b1e815c1f2f519"
  integrity sha1-t02uxJsRSPiMZLaNSbHoFcHy9Rk=

sprintf-js@~1.0.2:
  version "1.0.3"
  resolved "https://registry.npm.taobao.org/sprintf-js/download/sprintf-js-1.0.3.tgz#04e6926f662895354f3dd015203633b857297e2c"
  integrity sha1-BOaSb2YolTVPPdAVIDYzuFcpfiw=

string_decoder@^1.1.1:
  version "1.3.0"
  resolved "https://registry.npm.taobao.org/string_decoder/download/string_decoder-1.3.0.tgz#42f114594a46cf1a8e30b0a84f56c78c3edac21e"
  integrity sha1-QvEUWUpGzxqOMLCoT1bHjD7awh4=
  dependencies:
    safe-buffer "~5.2.0"

to-regex-range@^5.0.1:
  version "5.0.1"
  resolved "https://registry.npm.taobao.org/to-regex-range/download/to-regex-range-5.0.1.tgz#1648c44aae7c8d988a326018ed72f5b4dd0392e4"
  integrity sha1-FkjESq58jZiKMmAY7XL1tN0DkuQ=
  dependencies:
    is-number "^7.0.0"

util-deprecate@^1.0.1:
  version "1.0.2"
  resolved "https://registry.npm.taobao.org/util-deprecate/download/util-deprecate-1.0.2.tgz#450d4dc9fa70de732762fbd2d4a28981419a0ccf"
  integrity sha1-RQ1Nyfpw3nMnYvvS1KKJgUGaDM8=
